{
  "requires": true,
  "lockfileVersion": 1,
  "dependencies": {
    "react-navigation-drawer": {
      "version": "2.5.0",
      "resolved": "https://registry.npmjs.org/react-navigation-drawer/-/react-navigation-drawer-2.5.0.tgz",
      "integrity": "sha512-wSsIdLYXYdi9wOOXGzaY4Hk/NIXaP8tClEpjlAPl1rhn3kU++gyJFcQ3xLsPWg0yRYq3y8jDPEWFFf81JqfP9Q=="
    }
  }
}
